
Microsoft Visual Studio Solution File, Format Version 12.00
# Visual Studio Version 16
VisualStudioVersion = 16.0.31205.134
MinimumVisualStudioVersion = 10.0.40219.1
Project("{FAE04EC0-301F-11D3-BF4B-00C04F79EFBC}") = "MaterialUI", "MaterialUI\MaterialUI.csproj", "{19C4EDC1-0086-4166-86FF-6756DA931727}"
EndProject
Global
	GlobalSection(SolutionConfigurationPlatforms) = preSolution
		Debug|Any CPU = Debug|Any CPU
		Release|Any CPU = Release|Any CPU
	EndGlobalSection
	GlobalSection(ProjectConfigurationPlatforms) = postSolution
		{19C4EDC1-0086-4166-86FF-6756DA931727}.Debug|Any CPU.ActiveCfg = Debug|Any CPU
		{19C4EDC1-0086-4166-86FF-6756DA931727}.Debug|Any CPU.Build.0 = Debug|Any CPU
		{19C4EDC1-0086-4166-86FF-6756DA931727}.Release|Any CPU.ActiveCfg = Release|Any CPU
		{19C4EDC1-0086-4166-86FF-6756DA931727}.Release|Any CPU.Build.0 = Release|Any CPU
	EndGlobalSection
	GlobalSection(SolutionProperties) = preSolution
		HideSolutionNode = FALSE
	EndGlobalSection
	GlobalSection(ExtensibilityGlobals) = postSolution
		SolutionGuid = {38776D23-6C60-4578-B2F9-5F5ECD55AC09}
	EndGlobalSection
EndGlobal
